
Microsoft Visual Studio Solution File, Format Version 12.00
# Visual Studio 14
VisualStudioVersion = 14.0.25420.1
MinimumVisualStudioVersion = 10.0.40219.1
Project("{FAE04EC0-301F-11D3-BF4B-00C04F79EFBC}") = "WebjetMovieApp", "WebjetMovieApp\WebjetMovieApp.csproj", "{D8C14011-1EDC-4442-9DC7-1515375F0743}"
EndProject
Project("{FAE04EC0-301F-11D3-BF4B-00C04F79EFBC}") = "WebjetMovieApp.Tests", "WebjetMovieApp.Tests\WebjetMovieApp.Tests.csproj", "{CA22F5E3-F1C3-4DC5-AC28-E6CABAA56DD5}"
EndProject
Project("{FAE04EC0-301F-11D3-BF4B-00C04F79EFBC}") = "WebjetMovieAppBL", "WebjetMovieAppBL\WebjetMovieAppBL.csproj", "{24E1A9E6-CBA2-40CC-9601-A0395AF71C58}"
EndProject
Global
	GlobalSection(SolutionConfigurationPlatforms) = preSolution
		Debug|Any CPU = Debug|Any CPU
		Release|Any CPU = Release|Any CPU
	EndGlobalSection
	GlobalSection(ProjectConfigurationPlatforms) = postSolution
		{D8C14011-1EDC-4442-9DC7-1515375F0743}.Debug|Any CPU.ActiveCfg = Debug|Any CPU
		{D8C14011-1EDC-4442-9DC7-1515375F0743}.Debug|Any CPU.Build.0 = Debug|Any CPU
		{D8C14011-1EDC-4442-9DC7-1515375F0743}.Release|Any CPU.ActiveCfg = Release|Any CPU
		{D8C14011-1EDC-4442-9DC7-1515375F0743}.Release|Any CPU.Build.0 = Release|Any CPU
		{CA22F5E3-F1C3-4DC5-AC28-E6CABAA56DD5}.Debug|Any CPU.ActiveCfg = Debug|Any CPU
		{CA22F5E3-F1C3-4DC5-AC28-E6CABAA56DD5}.Debug|Any CPU.Build.0 = Debug|Any CPU
		{CA22F5E3-F1C3-4DC5-AC28-E6CABAA56DD5}.Release|Any CPU.ActiveCfg = Release|Any CPU
		{CA22F5E3-F1C3-4DC5-AC28-E6CABAA56DD5}.Release|Any CPU.Build.0 = Release|Any CPU
		{24E1A9E6-CBA2-40CC-9601-A0395AF71C58}.Debug|Any CPU.ActiveCfg = Debug|Any CPU
		{24E1A9E6-CBA2-40CC-9601-A0395AF71C58}.Debug|Any CPU.Build.0 = Debug|Any CPU
		{24E1A9E6-CBA2-40CC-9601-A0395AF71C58}.Release|Any CPU.ActiveCfg = Release|Any CPU
		{24E1A9E6-CBA2-40CC-9601-A0395AF71C58}.Release|Any CPU.Build.0 = Release|Any CPU
	EndGlobalSection
	GlobalSection(SolutionProperties) = preSolution
		HideSolutionNode = FALSE
	EndGlobalSection
EndGlobal
